// !$*UTF8*$!
{
	archiveVersion = 1;
	classes = {
	};
	objectVersion = 55;
	objects = {

/* Begin PBXBuildFile section */
		F21A8CFE2707DEB8009BAF7C /* AlarmView.swift in Sources */ = {isa = PBXBuildFile; fileRef = F21A8CFD2707DEB8009BAF7C /* AlarmView.swift */; };
		F21A8D00270BD98D009BAF7C /* SetAlarmView.swift in Sources */ = {isa = PBXBuildFile; fileRef = F21A8CFF270BD98D009BAF7C /* SetAlarmView.swift */; };
		F244B89F2707D42600BDC3A2 /* RowView.swift in Sources */ = {isa = PBXBuildFile; fileRef = F244B89E2707D42600BDC3A2 /* RowView.swift */; };
		F244B8A12707D7B300BDC3A2 /* CryptoListView.swift in Sources */ = {isa = PBXBuildFile; fileRef = F244B8A02707D7B300BDC3A2 /* CryptoListView.swift */; };
		F25AA6A926FEA37B009B0405 /* CryptoAlarmApp.swift in Sources */ = {isa = PBXBuildFile; fileRef = F25AA6A826FEA37B009B0405 /* CryptoAlarmApp.swift */; };
		F25AA6AB26FEA37B009B0405 /* ContentView.swift in Sources */ = {isa = PBXBuildFile; fileRef = F25AA6AA26FEA37B009B0405 /* ContentView.swift */; };
		F25AA6AD26FEA37C009B0405 /* Assets.xcassets in Resources */ = {isa = PBXBuildFile; fileRef = F25AA6AC26FEA37C009B0405 /* Assets.xcassets */; };
		F25AA6B026FEA37C009B0405 /* Preview Assets.xcassets in Resources */ = {isa = PBXBuildFile; fileRef = F25AA6AF26FEA37C009B0405 /* Preview Assets.xcassets */; };
		F27138B7270523DA006FDBBD /* CryptoModel.swift in Sources */ = {isa = PBXBuildFile; fileRef = F27138B6270523DA006FDBBD /* CryptoModel.swift */; };
		F282181527060BDD001BE890 /* CryptoNetwork.swift in Sources */ = {isa = PBXBuildFile; fileRef = F282181427060BDD001BE890 /* CryptoNetwork.swift */; };
		F282181727061B99001BE890 /* Encoder.swift in Sources */ = {isa = PBXBuildFile; fileRef = F282181627061B99001BE890 /* Encoder.swift */; };
/* End PBXBuildFile section */

/* Begin PBXFileReference section */
		F21A8CFD2707DEB8009BAF7C /* AlarmView.swift */ = {isa = PBXFileReference; lastKnownFileType = sourcecode.swift; path = AlarmView.swift; sourceTree = "<group>"; };
		F21A8CFF270BD98D009BAF7C /* SetAlarmView.swift */ = {isa = PBXFileReference; lastKnownFileType = sourcecode.swift; path = SetAlarmView.swift; sourceTree = "<group>"; };
		F244B89E2707D42600BDC3A2 /* RowView.swift */ = {isa = PBXFileReference; lastKnownFileType = sourcecode.swift; path = RowView.swift; sourceTree = "<group>"; };
		F244B8A02707D7B300BDC3A2 /* CryptoListView.swift */ = {isa = PBXFileReference; lastKnownFileType = sourcecode.swift; path = CryptoListView.swift; sourceTree = "<group>"; };
		F25AA6A526FEA37B009B0405 /* CryptoAlarm.app */ = {isa = PBXFileReference; explicitFileType = wrapper.application; includeInIndex = 0; path = CryptoAlarm.app; sourceTree = BUILT_PRODUCTS_DIR; };
		F25AA6A826FEA37B009B0405 /* CryptoAlarmApp.swift */ = {isa = PBXFileReference; lastKnownFileType = sourcecode.swift; path = CryptoAlarmApp.swift; sourceTree = "<group>"; };
		F25AA6AA26FEA37B009B0405 /* ContentView.swift */ = {isa = PBXFileReference; lastKnownFileType = sourcecode.swift; path = ContentView.swift; sourceTree = "<group>"; };
		F25AA6AC26FEA37C009B0405 /* Assets.xcassets */ = {isa = PBXFileReference; lastKnownFileType = folder.assetcatalog; path = Assets.xcassets; sourceTree = "<group>"; };
		F25AA6AF26FEA37C009B0405 /* Preview Assets.xcassets */ = {isa = PBXFileReference; lastKnownFileType = folder.assetcatalog; path = "Preview Assets.xcassets"; sourceTree = "<group>"; };
		F27138B6270523DA006FDBBD /* CryptoModel.swift */ = {isa = PBXFileReference; lastKnownFileType = sourcecode.swift; path = CryptoModel.swift; sourceTree = "<group>"; };
		F282181427060BDD001BE890 /* CryptoNetwork.swift */ = {isa = PBXFileReference; lastKnownFileType = sourcecode.swift; path = CryptoNetwork.swift; sourceTree = "<group>"; };
		F282181627061B99001BE890 /* Encoder.swift */ = {isa = PBXFileReference; lastKnownFileType = sourcecode.swift; path = Encoder.swift; sourceTree = "<group>"; };
/* End PBXFileReference section */

/* Begin PBXFrameworksBuildPhase section */
		F25AA6A226FEA37B009B0405 /* Frameworks */ = {
			isa = PBXFrameworksBuildPhase;
			buildActionMask = 2147483647;
			files = (
			);
			runOnlyForDeploymentPostprocessing = 0;
		};
/* End PBXFrameworksBuildPhase section */

/* Begin PBXGroup section */
		F244B8A22707D7C700BDC3A2 /* Sub Views */ = {
			isa = PBXGroup;
			children = (
				F244B89E2707D42600BDC3A2 /* RowView.swift */,
				F21A8CFD2707DEB8009BAF7C /* AlarmView.swift */,
			);
			path = "Sub Views";
			sourceTree = "<group>";
		};
		F25AA69C26FEA37B009B0405 = {
			isa = PBXGroup;
			children = (
				F25AA6A726FEA37B009B0405 /* CryptoAlarm */,
				F25AA6A626FEA37B009B0405 /* Products */,
			);
			sourceTree = "<group>";
		};
		F25AA6A626FEA37B009B0405 /* Products */ = {
			isa = PBXGroup;
			children = (
				F25AA6A526FEA37B009B0405 /* CryptoAlarm.app */,
			);
			name = Products;
			sourceTree = "<group>";
		};
		F25AA6A726FEA37B009B0405 /* CryptoAlarm */ = {
			isa = PBXGroup;
			children = (
				F25AA6A826FEA37B009B0405 /* CryptoAlarmApp.swift */,
				F27138B8270523F2006FDBBD /* Networking */,
				F27138B5270523BE006FDBBD /* Model */,
				F27138B4270523A6006FDBBD /* View */,
				F25AA6AC26FEA37C009B0405 /* Assets.xcassets */,
				F25AA6AE26FEA37C009B0405 /* Preview Content */,
			);
			path = CryptoAlarm;
			sourceTree = "<group>";
		};
		F25AA6AE26FEA37C009B0405 /* Preview Content */ = {
			isa = PBXGroup;
			children = (
				F25AA6AF26FEA37C009B0405 /* Preview Assets.xcassets */,
			);
			path = "Preview Content";
			sourceTree = "<group>";
		};
		F27138B4270523A6006FDBBD /* View */ = {
			isa = PBXGroup;
			children = (
				F244B8A22707D7C700BDC3A2 /* Sub Views */,
				F25AA6AA26FEA37B009B0405 /* ContentView.swift */,
				F244B8A02707D7B300BDC3A2 /* CryptoListView.swift */,
				F21A8CFF270BD98D009BAF7C /* SetAlarmView.swift */,
			);
			path = View;
			sourceTree = "<group>";
		};
		F27138B5270523BE006FDBBD /* Model */ = {
			isa = PBXGroup;
			children = (
				F27138B6270523DA006FDBBD /* CryptoModel.swift */,
			);
			path = Model;
			sourceTree = "<group>";
		};
		F27138B8270523F2006FDBBD /* Networking */ = {
			isa = PBXGroup;
			children = (
				F282181427060BDD001BE890 /* CryptoNetwork.swift */,
				F282181627061B99001BE890 /* Encoder.swift */,
			);
			path = Networking;
			sourceTree = "<group>";
		};
/* End PBXGroup section */

/* Begin PBXNativeTarget section */
		F25AA6A426FEA37B009B0405 /* CryptoAlarm */ = {
			isa = PBXNativeTarget;
			buildConfigurationList = F25AA6B326FEA37C009B0405 /* Build configuration list for PBXNativeTarget "CryptoAlarm" */;
			buildPhases = (
				F25AA6A126FEA37B009B0405 /* Sources */,
				F25AA6A226FEA37B009B0405 /* Frameworks */,
				F25AA6A326FEA37B009B0405 /* Resources */,
			);
			buildRules = (
			);
			dependencies = (
			);
			name = CryptoAlarm;
			productName = CryptoAlarm;
			productReference = F25AA6A526FEA37B009B0405 /* CryptoAlarm.app */;
			productType = "com.apple.product-type.application";
		};
/* End PBXNativeTarget section */

/* Begin PBXProject section */
		F25AA69D26FEA37B009B0405 /* Project object */ = {
			isa = PBXProject;
			attributes = {
				BuildIndependentTargetsInParallel = 1;
				LastSwiftUpdateCheck = 1300;
				LastUpgradeCheck = 1300;
				TargetAttributes = {
					F25AA6A426FEA37B009B0405 = {
						CreatedOnToolsVersion = 13.0;
					};
				};
			};
			buildConfigurationList = F25AA6A026FEA37B009B0405 /* Build configuration list for PBXProject "CryptoAlarm" */;
			compatibilityVersion = "Xcode 13.0";
			developmentRegion = en;
			hasScannedForEncodings = 0;
			knownRegions = (
				en,
				Base,
			);
			mainGroup = F25AA69C26FEA37B009B0405;
			productRefGroup = F25AA6A626FEA37B009B0405 /* Products */;
			projectDirPath = "";
			projectRoot = "";
			targets = (
				F25AA6A426FEA37B009B0405 /* CryptoAlarm */,
			);
		};
/* End PBXProject section */

/* Begin PBXResourcesBuildPhase section */
		F25AA6A326FEA37B009B0405 /* Resources */ = {
			isa = PBXResourcesBuildPhase;
			buildActionMask = 2147483647;
			files = (
				F25AA6B026FEA37C009B0405 /* Preview Assets.xcassets in Resources */,
				F25AA6AD26FEA37C009B0405 /* Assets.xcassets in Resources */,
			);
			runOnlyForDeploymentPostprocessing = 0;
		};
/* End PBXResourcesBuildPhase section */

/* Begin PBXSourcesBuildPhase section */
		F25AA6A126FEA37B009B0405 /* Sources */ = {
			isa = PBXSourcesBuildPhase;
			buildActionMask = 2147483647;
			files = (
				F27138B7270523DA006FDBBD /* CryptoModel.swift in Sources */,
				F244B8A12707D7B300BDC3A2 /* CryptoListView.swift in Sources */,
				F21A8CFE2707DEB8009BAF7C /* AlarmView.swift in Sources */,
				F25AA6AB26FEA37B009B0405 /* ContentView.swift in Sources */,
				F282181727061B99001BE890 /* Encoder.swift in Sources */,
				F25AA6A926FEA37B009B0405 /* CryptoAlarmApp.swift in Sources */,
				F244B89F2707D42600BDC3A2 /* RowView.swift in Sources */,
				F282181527060BDD001BE890 /* CryptoNetwork.swift in Sources */,
				F21A8D00270BD98D009BAF7C /* SetAlarmView.swift in Sources */,
			);
			runOnlyForDeploymentPostprocessing = 0;
		};
/* End PBXSourcesBuildPhase section */

/* Begin XCBuildConfiguration section */
		F25AA6B126FEA37C009B0405 /* Debug */ = {
			isa = XCBuildConfiguration;
			buildSettings = {
				ALWAYS_SEARCH_USER_PATHS = NO;
				CLANG_ANALYZER_NONNULL = YES;
				CLANG_ANALYZER_NUMBER_OBJECT_CONVERSION = YES_AGGRESSIVE;
				CLANG_CXX_LANGUAGE_STANDARD = "gnu++17";
				CLANG_CXX_LIBRARY = "libc++";
				CLANG_ENABLE_MODULES = YES;
				CLANG_ENABLE_OBJC_ARC = YES;
				CLANG_ENABLE_OBJC_WEAK = YES;
				CLANG_WARN_BLOCK_CAPTURE_AUTORELEASING = YES;
				CLANG_WARN_BOOL_CONVERSION = YES;
				CLANG_WARN_COMMA = YES;
				CLANG_WARN_CONSTANT_CONVERSION = YES;
				CLANG_WARN_DEPRECATED_OBJC_IMPLEMENTATIONS = YES;
				CLANG_WARN_DIRECT_OBJC_ISA_USAGE = YES_ERROR;
				CLANG_WARN_DOCUMENTATION_COMMENTS = YES;
				CLANG_WARN_EMPTY_BODY = YES;
				CLANG_WARN_ENUM_CONVERSION = YES;
				CLANG_WARN_INFINITE_RECURSION = YES;
				CLANG_WARN_INT_CONVERSION = YES;
				CLANG_WARN_NON_LITERAL_NULL_CONVERSION = YES;
				CLANG_WARN_OBJC_IMPLICIT_RETAIN_SELF = YES;
				CLANG_WARN_OBJC_LITERAL_CONVERSION = YES;
				CLANG_WARN_OBJC_ROOT_CLASS = YES_ERROR;
				CLANG_WARN_QUOTED_INCLUDE_IN_FRAMEWORK_HEADER = YES;
				CLANG_WARN_RANGE_LOOP_ANALYSIS = YES;
				CLANG_WARN_STRICT_PROTOTYPES = YES;
				CLANG_WARN_SUSPICIOUS_MOVE = YES;
				CLANG_WARN_UNGUARDED_AVAILABILITY = YES_AGGRESSIVE;
				CLANG_WARN_UNREACHABLE_CODE = YES;
				CLANG_WARN__DUPLICATE_METHOD_MATCH = YES;
				COPY_PHASE_STRIP = NO;
				DEBUG_INFORMATION_FORMAT = dwarf;
				ENABLE_STRICT_OBJC_MSGSEND = YES;
				ENABLE_TESTABILITY = YES;
				GCC_C_LANGUAGE_STANDARD = gnu11;
				GCC_DYNAMIC_NO_PIC = NO;
				GCC_NO_COMMON_BLOCKS = YES;
				GCC_OPTIMIZATION_LEVEL = 0;
				GCC_PREPROCESSOR_DEFINITIONS = (
					"DEBUG=1",
					"$(inherited)",
				);
				GCC_WARN_64_TO_32_BIT_CONVERSION = YES;
				GCC_WARN_ABOUT_RETURN_TYPE = YES_ERROR;
				GCC_WARN_UNDECLARED_SELECTOR = YES;
				GCC_WARN_UNINITIALIZED_AUTOS = YES_AGGRESSIVE;
				GCC_WARN_UNUSED_FUNCTION = YES;
				GCC_WARN_UNUSED_VARIABLE = YES;
				IPHONEOS_DEPLOYMENT_TARGET = 15.0;
				MTL_ENABLE_DEBUG_INFO = INCLUDE_SOURCE;
				MTL_FAST_MATH = YES;
				ONLY_ACTIVE_ARCH = YES;
				SDKROOT = iphoneos;
				SWIFT_ACTIVE_COMPILATION_CONDITIONS = DEBUG;
				SWIFT_OPTIMIZATION_LEVEL = "-Onone";
			};
			name = Debug;
		};
		F25AA6B226FEA37C009B0405 /* Release */ = {
			isa = XCBuildConfiguration;
			buildSettings = {
				ALWAYS_SEARCH_USER_PATHS = NO;
				CLANG_ANALYZER_NONNULL = YES;
				CLANG_ANALYZER_NUMBER_OBJECT_CONVERSION = YES_AGGRESSIVE;
				CLANG_CXX_LANGUAGE_STANDARD = "gnu++17";
				CLANG_CXX_LIBRARY = "libc++";
				CLANG_ENABLE_MODULES = YES;
				CLANG_ENABLE_OBJC_ARC = YES;
				CLANG_ENABLE_OBJC_WEAK = YES;
				CLANG_WARN_BLOCK_CAPTURE_AUTORELEASING = YES;
				CLANG_WARN_BOOL_CONVERSION = YES;
				CLANG_WARN_COMMA = YES;
				CLANG_WARN_CONSTANT_CONVERSION = YES;
				CLANG_WARN_DEPRECATED_OBJC_IMPLEMENTATIONS = YES;
				CLANG_WARN_DIRECT_OBJC_ISA_USAGE = YES_ERROR;
				CLANG_WARN_DOCUMENTATION_COMMENTS = YES;
				CLANG_WARN_EMPTY_BODY = YES;
				CLANG_WARN_ENUM_CONVERSION = YES;
				CLANG_WARN_INFINITE_RECURSION = YES;
				CLANG_WARN_INT_CONVERSION = YES;
				CLANG_WARN_NON_LITERAL_NULL_CONVERSION = YES;
				CLANG_WARN_OBJC_IMPLICIT_RETAIN_SELF = YES;
				CLANG_WARN_OBJC_LITERAL_CONVERSION = YES;
				CLANG_WARN_OBJC_ROOT_CLASS = YES_ERROR;
				CLANG_WARN_QUOTED_INCLUDE_IN_FRAMEWORK_HEADER = YES;
				CLANG_WARN_RANGE_LOOP_ANALYSIS = YES;
				CLANG_WARN_STRICT_PROTOTYPES = YES;
				CLANG_WARN_SUSPICIOUS_MOVE = YES;
				CLANG_WARN_UNGUARDED_AVAILABILITY = YES_AGGRESSIVE;
				CLANG_WARN_UNREACHABLE_CODE = YES;
				CLANG_WARN__DUPLICATE_METHOD_MATCH = YES;
				COPY_PHASE_STRIP = NO;
				DEBUG_INFORMATION_FORMAT = "dwarf-with-dsym";
				ENABLE_NS_ASSERTIONS = NO;
				ENABLE_STRICT_OBJC_MSGSEND = YES;
				GCC_C_LANGUAGE_STANDARD = gnu11;
				GCC_NO_COMMON_BLOCKS = YES;
				GCC_WARN_64_TO_32_BIT_CONVERSION = YES;
				GCC_WARN_ABOUT_RETURN_TYPE = YES_ERROR;
				GCC_WARN_UNDECLARED_SELECTOR = YES;
				GCC_WARN_UNINITIALIZED_AUTOS = YES_AGGRESSIVE;
				GCC_WARN_UNUSED_FUNCTION = YES;
				GCC_WARN_UNUSED_VARIABLE = YES;
				IPHONEOS_DEPLOYMENT_TARGET = 15.0;
				MTL_ENABLE_DEBUG_INFO = NO;
				MTL_FAST_MATH = YES;
				SDKROOT = iphoneos;
				SWIFT_COMPILATION_MODE = wholemodule;
				SWIFT_OPTIMIZATION_LEVEL = "-O";
				VALIDATE_PRODUCT = YES;
			};
			name = Release;
		};
		F25AA6B426FEA37C009B0405 /* Debug */ = {
			isa = XCBuildConfiguration;
			buildSettings = {
				ASSETCATALOG_COMPILER_APPICON_NAME = AppIcon;
				ASSETCATALOG_COMPILER_GLOBAL_ACCENT_COLOR_NAME = AccentColor;
				CODE_SIGN_STYLE = Automatic;
				CURRENT_PROJECT_VERSION = 1;
				DEVELOPMENT_ASSET_PATHS = "\"CryptoAlarm/Preview Content\"";
				DEVELOPMENT_TEAM = GDUSYDN3AG;
				ENABLE_PREVIEWS = YES;
				GENERATE_INFOPLIST_FILE = YES;
				INFOPLIST_KEY_UIApplicationSceneManifest_Generation = YES;
				INFOPLIST_KEY_UIApplicationSupportsIndirectInputEvents = YES;
				INFOPLIST_KEY_UILaunchScreen_Generation = YES;
				INFOPLIST_KEY_UISupportedInterfaceOrientations_iPad = "UIInterfaceOrientationPortrait UIInterfaceOrientationPortraitUpsideDown UIInterfaceOrientationLandscapeLeft UIInterfaceOrientationLandscapeRight";
				INFOPLIST_KEY_UISupportedInterfaceOrientations_iPhone = "UIInterfaceOrientationPortrait UIInterfaceOrientationLandscapeLeft UIInterfaceOrientationLandscapeRight";
				IPHONEOS_DEPLOYMENT_TARGET = 14.0;
				LD_RUNPATH_SEARCH_PATHS = (
					"$(inherited)",
					"@executable_path/Frameworks",
				);
				MARKETING_VERSION = 1.0;
				PRODUCT_BUNDLE_IDENTIFIER = tech.sawyercherry.CryptoAlarm;
				PRODUCT_NAME = "$(TARGET_NAME)";
				SWIFT_EMIT_LOC_STRINGS = YES;
				SWIFT_VERSION = 5.0;
				TARGETED_DEVICE_FAMILY = "1,2";
			};
			name = Debug;
		};
		F25AA6B526FEA37C009B0405 /* Release */ = {
			isa = XCBuildConfiguration;
			buildSettings = {
				ASSETCATALOG_COMPILER_APPICON_NAME = AppIcon;
				ASSETCATALOG_COMPILER_GLOBAL_ACCENT_COLOR_NAME = AccentColor;
				CODE_SIGN_STYLE = Automatic;
				CURRENT_PROJECT_VERSION = 1;
				DEVELOPMENT_ASSET_PATHS = "\"CryptoAlarm/Preview Content\"";
				DEVELOPMENT_TEAM = GDUSYDN3AG;
				ENABLE_PREVIEWS = YES;
				GENERATE_INFOPLIST_FILE = YES;
				INFOPLIST_KEY_UIApplicationSceneManifest_Generation = YES;
				INFOPLIST_KEY_UIApplicationSupportsIndirectInputEvents = YES;
				INFOPLIST_KEY_UILaunchScreen_Generation = YES;
				INFOPLIST_KEY_UISupportedInterfaceOrientations_iPad = "UIInterfaceOrientationPortrait UIInterfaceOrientationPortraitUpsideDown UIInterfaceOrientationLandscapeLeft UIInterfaceOrientationLandscapeRight";
				INFOPLIST_KEY_UISupportedInterfaceOrientations_iPhone = "UIInterfaceOrientationPortrait UIInterfaceOrientationLandscapeLeft UIInterfaceOrientationLandscapeRight";
				IPHONEOS_DEPLOYMENT_TARGET = 14.0;
				LD_RUNPATH_SEARCH_PATHS = (
					"$(inherited)",
					"@executable_path/Frameworks",
				);
				MARKETING_VERSION = 1.0;
				PRODUCT_BUNDLE_IDENTIFIER = tech.sawyercherry.CryptoAlarm;
				PRODUCT_NAME = "$(TARGET_NAME)";
				SWIFT_EMIT_LOC_STRINGS = YES;
				SWIFT_VERSION = 5.0;
				TARGETED_DEVICE_FAMILY = "1,2";
			};
			name = Release;
		};
/* End XCBuildConfiguration section */

/* Begin XCConfigurationList section */
		F25AA6A026FEA37B009B0405 /* Build configuration list for PBXProject "CryptoAlarm" */ = {
			isa = XCConfigurationList;
			buildConfigurations = (
				F25AA6B126FEA37C009B0405 /* Debug */,
				F25AA6B226FEA37C009B0405 /* Release */,
			);
			defaultConfigurationIsVisible = 0;
			defaultConfigurationName = Release;
		};
		F25AA6B326FEA37C009B0405 /* Build configuration list for PBXNativeTarget "CryptoAlarm" */ = {
			isa = XCConfigurationList;
			buildConfigurations = (
				F25AA6B426FEA37C009B0405 /* Debug */,
				F25AA6B526FEA37C009B0405 /* Release */,
			);
			defaultConfigurationIsVisible = 0;
			defaultConfigurationName = Release;
		};
/* End XCConfigurationList section */
	};
	rootObject = F25AA69D26FEA37B009B0405 /* Project object */;
}
